
Microsoft Visual Studio Solution File, Format Version 12.00
# Visual Studio 15
VisualStudioVersion = 15.0.26730.12
MinimumVisualStudioVersion = 10.0.40219.1
Project("{FAE04EC0-301F-11D3-BF4B-00C04F79EFBC}") = "DoctaJonez.FantasyFormulaOne.Data", "src\DoctaJonez.FantasyFormulaOne.Data\DoctaJonez.FantasyFormulaOne.Data.csproj", "{321554A0-9BF5-42A1-B80C-A7FC2D2A107D}"
EndProject
Project("{FAE04EC0-301F-11D3-BF4B-00C04F79EFBC}") = "DoctaJonez.FantasyFormulaOne.Api", "src\DoctaJonez.FantasyFormulaOne.Api\DoctaJonez.FantasyFormulaOne.Api.csproj", "{34C91B42-2CFC-4210-AA28-5D5A9D6B4EB6}"
EndProject
Project("{FAE04EC0-301F-11D3-BF4B-00C04F79EFBC}") = "DoctaJonez.FantasyFormulaOne.Web", "src\DoctaJonez.FantasyFormulaOne.Web\DoctaJonez.FantasyFormulaOne.Web.csproj", "{19DBFBF0-ECB1-42E7-B468-CD3EE2688A66}"
EndProject
Project("{FAE04EC0-301F-11D3-BF4B-00C04F79EFBC}") = "DoctaJonez.FantasyFormulaOne.Api.Clients", "src\DoctaJonez.FantasyFormulaOne.Api.Clients\DoctaJonez.FantasyFormulaOne.Api.Clients.csproj", "{09A29A2B-4DB2-4DB3-995E-8E39132B8C92}"
EndProject
Global
	GlobalSection(SolutionConfigurationPlatforms) = preSolution
		Debug|Any CPU = Debug|Any CPU
		Release|Any CPU = Release|Any CPU
	EndGlobalSection
	GlobalSection(ProjectConfigurationPlatforms) = postSolution
		{321554A0-9BF5-42A1-B80C-A7FC2D2A107D}.Debug|Any CPU.ActiveCfg = Debug|Any CPU
		{321554A0-9BF5-42A1-B80C-A7FC2D2A107D}.Debug|Any CPU.Build.0 = Debug|Any CPU
		{321554A0-9BF5-42A1-B80C-A7FC2D2A107D}.Release|Any CPU.ActiveCfg = Release|Any CPU
		{321554A0-9BF5-42A1-B80C-A7FC2D2A107D}.Release|Any CPU.Build.0 = Release|Any CPU
		{34C91B42-2CFC-4210-AA28-5D5A9D6B4EB6}.Debug|Any CPU.ActiveCfg = Debug|Any CPU
		{34C91B42-2CFC-4210-AA28-5D5A9D6B4EB6}.Debug|Any CPU.Build.0 = Debug|Any CPU
		{34C91B42-2CFC-4210-AA28-5D5A9D6B4EB6}.Release|Any CPU.ActiveCfg = Release|Any CPU
		{34C91B42-2CFC-4210-AA28-5D5A9D6B4EB6}.Release|Any CPU.Build.0 = Release|Any CPU
		{19DBFBF0-ECB1-42E7-B468-CD3EE2688A66}.Debug|Any CPU.ActiveCfg = Debug|Any CPU
		{19DBFBF0-ECB1-42E7-B468-CD3EE2688A66}.Debug|Any CPU.Build.0 = Debug|Any CPU
		{19DBFBF0-ECB1-42E7-B468-CD3EE2688A66}.Release|Any CPU.ActiveCfg = Release|Any CPU
		{19DBFBF0-ECB1-42E7-B468-CD3EE2688A66}.Release|Any CPU.Build.0 = Release|Any CPU
		{09A29A2B-4DB2-4DB3-995E-8E39132B8C92}.Debug|Any CPU.ActiveCfg = Debug|Any CPU
		{09A29A2B-4DB2-4DB3-995E-8E39132B8C92}.Debug|Any CPU.Build.0 = Debug|Any CPU
		{09A29A2B-4DB2-4DB3-995E-8E39132B8C92}.Release|Any CPU.ActiveCfg = Release|Any CPU
		{09A29A2B-4DB2-4DB3-995E-8E39132B8C92}.Release|Any CPU.Build.0 = Release|Any CPU
	EndGlobalSection
	GlobalSection(SolutionProperties) = preSolution
		HideSolutionNode = FALSE
	EndGlobalSection
	GlobalSection(ExtensibilityGlobals) = postSolution
		SolutionGuid = {0812F68F-D788-49C3-86A1-520FBFD48312}
	EndGlobalSection
EndGlobal
